
Microsoft Visual Studio Solution File, Format Version 12.00
# Visual Studio for Mac
Project("{FAE04EC0-301F-11D3-BF4B-00C04F79EFBC}") = "Assembly-CSharp", "Assembly-CSharp.csproj", "{81AAA4A5-9DE8-D973-88FA-6BF271AF02DC}"
EndProject
Global
	GlobalSection(SolutionConfigurationPlatforms) = preSolution
		Debug|Any CPU = Debug|Any CPU
		Release|Any CPU = Release|Any CPU
	EndGlobalSection
	GlobalSection(ProjectConfigurationPlatforms) = postSolution
		{81AAA4A5-9DE8-D973-88FA-6BF271AF02DC}.Debug|Any CPU.ActiveCfg = Debug|Any CPU
		{81AAA4A5-9DE8-D973-88FA-6BF271AF02DC}.Debug|Any CPU.Build.0 = Debug|Any CPU
		{81AAA4A5-9DE8-D973-88FA-6BF271AF02DC}.Release|Any CPU.ActiveCfg = Release|Any CPU
		{81AAA4A5-9DE8-D973-88FA-6BF271AF02DC}.Release|Any CPU.Build.0 = Release|Any CPU
	EndGlobalSection
	GlobalSection(SolutionProperties) = preSolution
		HideSolutionNode = FALSE
	EndGlobalSection
EndGlobal
